
Microsoft Visual Studio Solution File, Format Version 12.00
# Visual Studio Version 17
VisualStudioVersion = 17.12.35506.116 d17.12
MinimumVisualStudioVersion = 10.0.40219.1
Project("{FAE04EC0-301F-11D3-BF4B-00C04F79EFBC}") = "Batoh", "Batoh\Batoh.csproj", "{865E25BD-9DF2-4E7E-B5A9-451824815AFB}"
EndProject
Global
	GlobalSection(SolutionConfigurationPlatforms) = preSolution
		Debug|Any CPU = Debug|Any CPU
		Release|Any CPU = Release|Any CPU
	EndGlobalSection
	GlobalSection(ProjectConfigurationPlatforms) = postSolution
		{865E25BD-9DF2-4E7E-B5A9-451824815AFB}.Debug|Any CPU.ActiveCfg = Debug|Any CPU
		{865E25BD-9DF2-4E7E-B5A9-451824815AFB}.Debug|Any CPU.Build.0 = Debug|Any CPU
		{865E25BD-9DF2-4E7E-B5A9-451824815AFB}.Release|Any CPU.ActiveCfg = Release|Any CPU
		{865E25BD-9DF2-4E7E-B5A9-451824815AFB}.Release|Any CPU.Build.0 = Release|Any CPU
	EndGlobalSection
	GlobalSection(SolutionProperties) = preSolution
		HideSolutionNode = FALSE
	EndGlobalSection
EndGlobal
